
Microsoft Visual Studio Solution File, Format Version 12.00
# Visual Studio 15
VisualStudioVersion = 15.0.27004.2009
MinimumVisualStudioVersion = 10.0.40219.1
Project("{FAE04EC0-301F-11D3-BF4B-00C04F79EFBC}") = "Lection3(github)", "Lection3(github)\Lection3(github).csproj", "{474741A5-47E3-4A91-8FF8-A522E0D33997}"
EndProject
Global
	GlobalSection(SolutionConfigurationPlatforms) = preSolution
		Debug|Any CPU = Debug|Any CPU
		Release|Any CPU = Release|Any CPU
	EndGlobalSection
	GlobalSection(ProjectConfigurationPlatforms) = postSolution
		{474741A5-47E3-4A91-8FF8-A522E0D33997}.Debug|Any CPU.ActiveCfg = Debug|Any CPU
		{474741A5-47E3-4A91-8FF8-A522E0D33997}.Debug|Any CPU.Build.0 = Debug|Any CPU
		{474741A5-47E3-4A91-8FF8-A522E0D33997}.Release|Any CPU.ActiveCfg = Release|Any CPU
		{474741A5-47E3-4A91-8FF8-A522E0D33997}.Release|Any CPU.Build.0 = Release|Any CPU
	EndGlobalSection
	GlobalSection(SolutionProperties) = preSolution
		HideSolutionNode = FALSE
	EndGlobalSection
	GlobalSection(ExtensibilityGlobals) = postSolution
		SolutionGuid = {A464A9BC-B12A-4D9C-B465-CDB505CA6E33}
	EndGlobalSection
EndGlobal
